// !$*UTF8*$!
{
	archiveVersion = 1;
	classes = {
	};
	objectVersion = 46;
	objects = {

/* Begin PBXBuildFile section */
		5B45BC8919AC158C0077852E /* Foundation.framework in Frameworks */ = {isa = PBXBuildFile; fileRef = 5B45BC8819AC158C0077852E /* Foundation.framework */; };
		5B45BC8B19AC158C0077852E /* CoreGraphics.framework in Frameworks */ = {isa = PBXBuildFile; fileRef = 5B45BC8A19AC158C0077852E /* CoreGraphics.framework */; };
		5B45BC8D19AC158C0077852E /* UIKit.framework in Frameworks */ = {isa = PBXBuildFile; fileRef = 5B45BC8C19AC158C0077852E /* UIKit.framework */; };
		5B45BC9319AC158C0077852E /* InfoPlist.strings in Resources */ = {isa = PBXBuildFile; fileRef = 5B45BC9119AC158C0077852E /* InfoPlist.strings */; };
		5B45BC9519AC158C0077852E /* main.m in Sources */ = {isa = PBXBuildFile; fileRef = 5B45BC9419AC158C0077852E /* main.m */; };
		5B45BC9919AC158C0077852E /* AppDelegate.m in Sources */ = {isa = PBXBuildFile; fileRef = 5B45BC9819AC158C0077852E /* AppDelegate.m */; };
		5B45BCA219AC158C0077852E /* MainViewController.m in Sources */ = {isa = PBXBuildFile; fileRef = 5B45BCA119AC158C0077852E /* MainViewController.m */; };
		5B45BCA419AC158C0077852E /* Images.xcassets in Resources */ = {isa = PBXBuildFile; fileRef = 5B45BCA319AC158C0077852E /* Images.xcassets */; };
		5B45BCAB19AC158C0077852E /* XCTest.framework in Frameworks */ = {isa = PBXBuildFile; fileRef = 5B45BCAA19AC158C0077852E /* XCTest.framework */; };
		5B45BCAC19AC158C0077852E /* Foundation.framework in Frameworks */ = {isa = PBXBuildFile; fileRef = 5B45BC8819AC158C0077852E /* Foundation.framework */; };
		5B45BCAD19AC158C0077852E /* UIKit.framework in Frameworks */ = {isa = PBXBuildFile; fileRef = 5B45BC8C19AC158C0077852E /* UIKit.framework */; };
		5B45BCB519AC158C0077852E /* InfoPlist.strings in Resources */ = {isa = PBXBuildFile; fileRef = 5B45BCB319AC158C0077852E /* InfoPlist.strings */; };
		5B45BCB719AC158C0077852E /* GKPhotoBrowserTests.m in Sources */ = {isa = PBXBuildFile; fileRef = 5B45BCB619AC158C0077852E /* GKPhotoBrowserTests.m */; };
		5B45BCC119AC15CA0077852E /* MainViewController.xib in Resources */ = {isa = PBXBuildFile; fileRef = 5B45BCC019AC15CA0077852E /* MainViewController.xib */; };
		5B45BCC519AC16C10077852E /* GKPhotoBrowser.m in Sources */ = {isa = PBXBuildFile; fileRef = 5B45BCC319AC16C10077852E /* GKPhotoBrowser.m */; };
		5B45BCC619AC16C10077852E /* GKPhotoBrowser.xib in Resources */ = {isa = PBXBuildFile; fileRef = 5B45BCC419AC16C10077852E /* GKPhotoBrowser.xib */; };
		5B45BCC919AC35CA0077852E /* GKPaddedLabel.m in Sources */ = {isa = PBXBuildFile; fileRef = 5B45BCC819AC35CA0077852E /* GKPaddedLabel.m */; };
/* End PBXBuildFile section */

/* Begin PBXContainerItemProxy section */
		5B45BCAE19AC158C0077852E /* PBXContainerItemProxy */ = {
			isa = PBXContainerItemProxy;
			containerPortal = 5B45BC7D19AC158C0077852E /* Project object */;
			proxyType = 1;
			remoteGlobalIDString = 5B45BC8419AC158C0077852E;
			remoteInfo = GKPhotoBrowser;
		};
/* End PBXContainerItemProxy section */

/* Begin PBXFileReference section */
		5B45BC8519AC158C0077852E /* GKPhotoBrowser.app */ = {isa = PBXFileReference; explicitFileType = wrapper.application; includeInIndex = 0; path = GKPhotoBrowser.app; sourceTree = BUILT_PRODUCTS_DIR; };
		5B45BC8819AC158C0077852E /* Foundation.framework */ = {isa = PBXFileReference; lastKnownFileType = wrapper.framework; name = Foundation.framework; path = System/Library/Frameworks/Foundation.framework; sourceTree = SDKROOT; };
		5B45BC8A19AC158C0077852E /* CoreGraphics.framework */ = {isa = PBXFileReference; lastKnownFileType = wrapper.framework; name = CoreGraphics.framework; path = System/Library/Frameworks/CoreGraphics.framework; sourceTree = SDKROOT; };
		5B45BC8C19AC158C0077852E /* UIKit.framework */ = {isa = PBXFileReference; lastKnownFileType = wrapper.framework; name = UIKit.framework; path = System/Library/Frameworks/UIKit.framework; sourceTree = SDKROOT; };
		5B45BC9019AC158C0077852E /* GKPhotoBrowser-Info.plist */ = {isa = PBXFileReference; lastKnownFileType = text.plist.xml; path = "GKPhotoBrowser-Info.plist"; sourceTree = "<group>"; };
		5B45BC9219AC158C0077852E /* en */ = {isa = PBXFileReference; lastKnownFileType = text.plist.strings; name = en; path = en.lproj/InfoPlist.strings; sourceTree = "<group>"; };
		5B45BC9419AC158C0077852E /* main.m */ = {isa = PBXFileReference; lastKnownFileType = sourcecode.c.objc; path = main.m; sourceTree = "<group>"; };
		5B45BC9619AC158C0077852E /* GKPhotoBrowser-Prefix.pch */ = {isa = PBXFileReference; lastKnownFileType = sourcecode.c.h; path = "GKPhotoBrowser-Prefix.pch"; sourceTree = "<group>"; };
		5B45BC9719AC158C0077852E /* AppDelegate.h */ = {isa = PBXFileReference; lastKnownFileType = sourcecode.c.h; path = AppDelegate.h; sourceTree = "<group>"; };
		5B45BC9819AC158C0077852E /* AppDelegate.m */ = {isa = PBXFileReference; lastKnownFileType = sourcecode.c.objc; path = AppDelegate.m; sourceTree = "<group>"; };
		5B45BCA019AC158C0077852E /* MainViewController.h */ = {isa = PBXFileReference; lastKnownFileType = sourcecode.c.h; path = MainViewController.h; sourceTree = "<group>"; };
		5B45BCA119AC158C0077852E /* MainViewController.m */ = {isa = PBXFileReference; lastKnownFileType = sourcecode.c.objc; path = MainViewController.m; sourceTree = "<group>"; };
		5B45BCA319AC158C0077852E /* Images.xcassets */ = {isa = PBXFileReference; lastKnownFileType = folder.assetcatalog; path = Images.xcassets; sourceTree = "<group>"; };
		5B45BCA919AC158C0077852E /* GKPhotoBrowserTests.xctest */ = {isa = PBXFileReference; explicitFileType = wrapper.cfbundle; includeInIndex = 0; path = GKPhotoBrowserTests.xctest; sourceTree = BUILT_PRODUCTS_DIR; };
		5B45BCAA19AC158C0077852E /* XCTest.framework */ = {isa = PBXFileReference; lastKnownFileType = wrapper.framework; name = XCTest.framework; path = Library/Frameworks/XCTest.framework; sourceTree = DEVELOPER_DIR; };
		5B45BCB219AC158C0077852E /* GKPhotoBrowserTests-Info.plist */ = {isa = PBXFileReference; lastKnownFileType = text.plist.xml; path = "GKPhotoBrowserTests-Info.plist"; sourceTree = "<group>"; };
		5B45BCB419AC158C0077852E /* en */ = {isa = PBXFileReference; lastKnownFileType = text.plist.strings; name = en; path = en.lproj/InfoPlist.strings; sourceTree = "<group>"; };
		5B45BCB619AC158C0077852E /* GKPhotoBrowserTests.m */ = {isa = PBXFileReference; lastKnownFileType = sourcecode.c.objc; path = GKPhotoBrowserTests.m; sourceTree = "<group>"; };
		5B45BCC019AC15CA0077852E /* MainViewController.xib */ = {isa = PBXFileReference; fileEncoding = 4; lastKnownFileType = file.xib; path = MainViewController.xib; sourceTree = "<group>"; };
		5B45BCC219AC16C10077852E /* GKPhotoBrowser.h */ = {isa = PBXFileReference; fileEncoding = 4; lastKnownFileType = sourcecode.c.h; path = GKPhotoBrowser.h; sourceTree = "<group>"; };
		5B45BCC319AC16C10077852E /* GKPhotoBrowser.m */ = {isa = PBXFileReference; fileEncoding = 4; lastKnownFileType = sourcecode.c.objc; path = GKPhotoBrowser.m; sourceTree = "<group>"; };
		5B45BCC419AC16C10077852E /* GKPhotoBrowser.xib */ = {isa = PBXFileReference; fileEncoding = 4; lastKnownFileType = file.xib; path = GKPhotoBrowser.xib; sourceTree = "<group>"; };
		5B45BCC719AC35CA0077852E /* GKPaddedLabel.h */ = {isa = PBXFileReference; fileEncoding = 4; lastKnownFileType = sourcecode.c.h; path = GKPaddedLabel.h; sourceTree = "<group>"; };
		5B45BCC819AC35CA0077852E /* GKPaddedLabel.m */ = {isa = PBXFileReference; fileEncoding = 4; lastKnownFileType = sourcecode.c.objc; path = GKPaddedLabel.m; sourceTree = "<group>"; };
/* End PBXFileReference section */

/* Begin PBXFrameworksBuildPhase section */
		5B45BC8219AC158C0077852E /* Frameworks */ = {
			isa = PBXFrameworksBuildPhase;
			buildActionMask = 2147483647;
			files = (
				5B45BC8B19AC158C0077852E /* CoreGraphics.framework in Frameworks */,
				5B45BC8D19AC158C0077852E /* UIKit.framework in Frameworks */,
				5B45BC8919AC158C0077852E /* Foundation.framework in Frameworks */,
			);
			runOnlyForDeploymentPostprocessing = 0;
		};
		5B45BCA619AC158C0077852E /* Frameworks */ = {
			isa = PBXFrameworksBuildPhase;
			buildActionMask = 2147483647;
			files = (
				5B45BCAB19AC158C0077852E /* XCTest.framework in Frameworks */,
				5B45BCAD19AC158C0077852E /* UIKit.framework in Frameworks */,
				5B45BCAC19AC158C0077852E /* Foundation.framework in Frameworks */,
			);
			runOnlyForDeploymentPostprocessing = 0;
		};
/* End PBXFrameworksBuildPhase section */

/* Begin PBXGroup section */
		5B45BC7C19AC158C0077852E = {
			isa = PBXGroup;
			children = (
				5B45BC8E19AC158C0077852E /* GKPhotoBrowser */,
				5B45BCB019AC158C0077852E /* GKPhotoBrowserTests */,
				5B45BC8719AC158C0077852E /* Frameworks */,
				5B45BC8619AC158C0077852E /* Products */,
			);
			sourceTree = "<group>";
		};
		5B45BC8619AC158C0077852E /* Products */ = {
			isa = PBXGroup;
			children = (
				5B45BC8519AC158C0077852E /* GKPhotoBrowser.app */,
				5B45BCA919AC158C0077852E /* GKPhotoBrowserTests.xctest */,
			);
			name = Products;
			sourceTree = "<group>";
		};
		5B45BC8719AC158C0077852E /* Frameworks */ = {
			isa = PBXGroup;
			children = (
				5B45BC8819AC158C0077852E /* Foundation.framework */,
				5B45BC8A19AC158C0077852E /* CoreGraphics.framework */,
				5B45BC8C19AC158C0077852E /* UIKit.framework */,
				5B45BCAA19AC158C0077852E /* XCTest.framework */,
			);
			name = Frameworks;
			sourceTree = "<group>";
		};
		5B45BC8E19AC158C0077852E /* GKPhotoBrowser */ = {
			isa = PBXGroup;
			children = (
				5B45BC9719AC158C0077852E /* AppDelegate.h */,
				5B45BC9819AC158C0077852E /* AppDelegate.m */,
				5B45BCC219AC16C10077852E /* GKPhotoBrowser.h */,
				5B45BCC319AC16C10077852E /* GKPhotoBrowser.m */,
				5B45BCC419AC16C10077852E /* GKPhotoBrowser.xib */,
				5B45BCC719AC35CA0077852E /* GKPaddedLabel.h */,
				5B45BCC819AC35CA0077852E /* GKPaddedLabel.m */,
				5B45BCA319AC158C0077852E /* Images.xcassets */,
				5B45BCA019AC158C0077852E /* MainViewController.h */,
				5B45BCA119AC158C0077852E /* MainViewController.m */,
				5B45BCC019AC15CA0077852E /* MainViewController.xib */,
				5B45BC8F19AC158C0077852E /* Supporting Files */,
			);
			path = GKPhotoBrowser;
			sourceTree = "<group>";
		};
		5B45BC8F19AC158C0077852E /* Supporting Files */ = {
			isa = PBXGroup;
			children = (
				5B45BC9019AC158C0077852E /* GKPhotoBrowser-Info.plist */,
				5B45BC9119AC158C0077852E /* InfoPlist.strings */,
				5B45BC9419AC158C0077852E /* main.m */,
				5B45BC9619AC158C0077852E /* GKPhotoBrowser-Prefix.pch */,
			);
			name = "Supporting Files";
			sourceTree = "<group>";
		};
		5B45BCB019AC158C0077852E /* GKPhotoBrowserTests */ = {
			isa = PBXGroup;
			children = (
				5B45BCB619AC158C0077852E /* GKPhotoBrowserTests.m */,
				5B45BCB119AC158C0077852E /* Supporting Files */,
			);
			path = GKPhotoBrowserTests;
			sourceTree = "<group>";
		};
		5B45BCB119AC158C0077852E /* Supporting Files */ = {
			isa = PBXGroup;
			children = (
				5B45BCB219AC158C0077852E /* GKPhotoBrowserTests-Info.plist */,
				5B45BCB319AC158C0077852E /* InfoPlist.strings */,
			);
			name = "Supporting Files";
			sourceTree = "<group>";
		};
/* End PBXGroup section */

/* Begin PBXNativeTarget section */
		5B45BC8419AC158C0077852E /* GKPhotoBrowser */ = {
			isa = PBXNativeTarget;
			buildConfigurationList = 5B45BCBA19AC158C0077852E /* Build configuration list for PBXNativeTarget "GKPhotoBrowser" */;
			buildPhases = (
				5B45BC8119AC158C0077852E /* Sources */,
				5B45BC8219AC158C0077852E /* Frameworks */,
				5B45BC8319AC158C0077852E /* Resources */,
			);
			buildRules = (
			);
			dependencies = (
			);
			name = GKPhotoBrowser;
			productName = GKPhotoBrowser;
			productReference = 5B45BC8519AC158C0077852E /* GKPhotoBrowser.app */;
			productType = "com.apple.product-type.application";
		};
		5B45BCA819AC158C0077852E /* GKPhotoBrowserTests */ = {
			isa = PBXNativeTarget;
			buildConfigurationList = 5B45BCBD19AC158C0077852E /* Build configuration list for PBXNativeTarget "GKPhotoBrowserTests" */;
			buildPhases = (
				5B45BCA519AC158C0077852E /* Sources */,
				5B45BCA619AC158C0077852E /* Frameworks */,
				5B45BCA719AC158C0077852E /* Resources */,
			);
			buildRules = (
			);
			dependencies = (
				5B45BCAF19AC158C0077852E /* PBXTargetDependency */,
			);
			name = GKPhotoBrowserTests;
			productName = GKPhotoBrowserTests;
			productReference = 5B45BCA919AC158C0077852E /* GKPhotoBrowserTests.xctest */;
			productType = "com.apple.product-type.bundle.unit-test";
		};
/* End PBXNativeTarget section */

/* Begin PBXProject section */
		5B45BC7D19AC158C0077852E /* Project object */ = {
			isa = PBXProject;
			attributes = {
				LastUpgradeCheck = 0510;
				ORGANIZATIONNAME = HardFlip;
				TargetAttributes = {
					5B45BCA819AC158C0077852E = {
						TestTargetID = 5B45BC8419AC158C0077852E;
					};
				};
			};
			buildConfigurationList = 5B45BC8019AC158C0077852E /* Build configuration list for PBXProject "GKPhotoBrowser" */;
			compatibilityVersion = "Xcode 3.2";
			developmentRegion = English;
			hasScannedForEncodings = 0;
			knownRegions = (
				en,
				Base,
			);
			mainGroup = 5B45BC7C19AC158C0077852E;
			productRefGroup = 5B45BC8619AC158C0077852E /* Products */;
			projectDirPath = "";
			projectRoot = "";
			targets = (
				5B45BC8419AC158C0077852E /* GKPhotoBrowser */,
				5B45BCA819AC158C0077852E /* GKPhotoBrowserTests */,
			);
		};
/* End PBXProject section */

/* Begin PBXResourcesBuildPhase section */
		5B45BC8319AC158C0077852E /* Resources */ = {
			isa = PBXResourcesBuildPhase;
			buildActionMask = 2147483647;
			files = (
				5B45BCA419AC158C0077852E /* Images.xcassets in Resources */,
				5B45BCC119AC15CA0077852E /* MainViewController.xib in Resources */,
				5B45BC9319AC158C0077852E /* InfoPlist.strings in Resources */,
				5B45BCC619AC16C10077852E /* GKPhotoBrowser.xib in Resources */,
			);
			runOnlyForDeploymentPostprocessing = 0;
		};
		5B45BCA719AC158C0077852E /* Resources */ = {
			isa = PBXResourcesBuildPhase;
			buildActionMask = 2147483647;
			files = (
				5B45BCB519AC158C0077852E /* InfoPlist.strings in Resources */,
			);
			runOnlyForDeploymentPostprocessing = 0;
		};
/* End PBXResourcesBuildPhase section */

/* Begin PBXSourcesBuildPhase section */
		5B45BC8119AC158C0077852E /* Sources */ = {
			isa = PBXSourcesBuildPhase;
			buildActionMask = 2147483647;
			files = (
				5B45BCA219AC158C0077852E /* MainViewController.m in Sources */,
				5B45BC9919AC158C0077852E /* AppDelegate.m in Sources */,
				5B45BC9519AC158C0077852E /* main.m in Sources */,
				5B45BCC519AC16C10077852E /* GKPhotoBrowser.m in Sources */,
				5B45BCC919AC35CA0077852E /* GKPaddedLabel.m in Sources */,
			);
			runOnlyForDeploymentPostprocessing = 0;
		};
		5B45BCA519AC158C0077852E /* Sources */ = {
			isa = PBXSourcesBuildPhase;
			buildActionMask = 2147483647;
			files = (
				5B45BCB719AC158C0077852E /* GKPhotoBrowserTests.m in Sources */,
			);
			runOnlyForDeploymentPostprocessing = 0;
		};
/* End PBXSourcesBuildPhase section */

/* Begin PBXTargetDependency section */
		5B45BCAF19AC158C0077852E /* PBXTargetDependency */ = {
			isa = PBXTargetDependency;
			target = 5B45BC8419AC158C0077852E /* GKPhotoBrowser */;
			targetProxy = 5B45BCAE19AC158C0077852E /* PBXContainerItemProxy */;
		};
/* End PBXTargetDependency section */

/* Begin PBXVariantGroup section */
		5B45BC9119AC158C0077852E /* InfoPlist.strings */ = {
			isa = PBXVariantGroup;
			children = (
				5B45BC9219AC158C0077852E /* en */,
			);
			name = InfoPlist.strings;
			sourceTree = "<group>";
		};
		5B45BCB319AC158C0077852E /* InfoPlist.strings */ = {
			isa = PBXVariantGroup;
			children = (
				5B45BCB419AC158C0077852E /* en */,
			);
			name = InfoPlist.strings;
			sourceTree = "<group>";
		};
/* End PBXVariantGroup section */

/* Begin XCBuildConfiguration section */
		5B45BCB819AC158C0077852E /* Debug */ = {
			isa = XCBuildConfiguration;
			buildSettings = {
				ALWAYS_SEARCH_USER_PATHS = NO;
				CLANG_CXX_LANGUAGE_STANDARD = "gnu++0x";
				CLANG_CXX_LIBRARY = "libc++";
				CLANG_ENABLE_MODULES = YES;
				CLANG_ENABLE_OBJC_ARC = YES;
				CLANG_WARN_BOOL_CONVERSION = YES;
				CLANG_WARN_CONSTANT_CONVERSION = YES;
				CLANG_WARN_DIRECT_OBJC_ISA_USAGE = YES_ERROR;
				CLANG_WARN_EMPTY_BODY = YES;
				CLANG_WARN_ENUM_CONVERSION = YES;
				CLANG_WARN_INT_CONVERSION = YES;
				CLANG_WARN_OBJC_ROOT_CLASS = YES_ERROR;
				CLANG_WARN__DUPLICATE_METHOD_MATCH = YES;
				"CODE_SIGN_IDENTITY[sdk=iphoneos*]" = "iPhone Developer";
				COPY_PHASE_STRIP = NO;
				GCC_C_LANGUAGE_STANDARD = gnu99;
				GCC_DYNAMIC_NO_PIC = NO;
				GCC_OPTIMIZATION_LEVEL = 0;
				GCC_PREPROCESSOR_DEFINITIONS = (
					"DEBUG=1",
					"$(inherited)",
				);
				GCC_SYMBOLS_PRIVATE_EXTERN = NO;
				GCC_WARN_64_TO_32_BIT_CONVERSION = YES;
				GCC_WARN_ABOUT_RETURN_TYPE = YES_ERROR;
				GCC_WARN_UNDECLARED_SELECTOR = YES;
				GCC_WARN_UNINITIALIZED_AUTOS = YES_AGGRESSIVE;
				GCC_WARN_UNUSED_FUNCTION = YES;
				GCC_WARN_UNUSED_VARIABLE = YES;
				IPHONEOS_DEPLOYMENT_TARGET = 7.1;
				ONLY_ACTIVE_ARCH = YES;
				SDKROOT = iphoneos;
				TARGETED_DEVICE_FAMILY = "1,2";
			};
			name = Debug;
		};
		5B45BCB919AC158C0077852E /* Release */ = {
			isa = XCBuildConfiguration;
			buildSettings = {
				ALWAYS_SEARCH_USER_PATHS = NO;
				CLANG_CXX_LANGUAGE_STANDARD = "gnu++0x";
				CLANG_CXX_LIBRARY = "libc++";
				CLANG_ENABLE_MODULES = YES;
				CLANG_ENABLE_OBJC_ARC = YES;
				CLANG_WARN_BOOL_CONVERSION = YES;
				CLANG_WARN_CONSTANT_CONVERSION = YES;
				CLANG_WARN_DIRECT_OBJC_ISA_USAGE = YES_ERROR;
				CLANG_WARN_EMPTY_BODY = YES;
				CLANG_WARN_ENUM_CONVERSION = YES;
				CLANG_WARN_INT_CONVERSION = YES;
				CLANG_WARN_OBJC_ROOT_CLASS = YES_ERROR;
				CLANG_WARN__DUPLICATE_METHOD_MATCH = YES;
				"CODE_SIGN_IDENTITY[sdk=iphoneos*]" = "iPhone Developer";
				COPY_PHASE_STRIP = YES;
				ENABLE_NS_ASSERTIONS = NO;
				GCC_C_LANGUAGE_STANDARD = gnu99;
				GCC_WARN_64_TO_32_BIT_CONVERSION = YES;
				GCC_WARN_ABOUT_RETURN_TYPE = YES_ERROR;
				GCC_WARN_UNDECLARED_SELECTOR = YES;
				GCC_WARN_UNINITIALIZED_AUTOS = YES_AGGRESSIVE;
				GCC_WARN_UNUSED_FUNCTION = YES;
				GCC_WARN_UNUSED_VARIABLE = YES;
				IPHONEOS_DEPLOYMENT_TARGET = 7.1;
				SDKROOT = iphoneos;
				TARGETED_DEVICE_FAMILY = "1,2";
				VALIDATE_PRODUCT = YES;
			};
			name = Release;
		};
		5B45BCBB19AC158C0077852E /* Debug */ = {
			isa = XCBuildConfiguration;
			buildSettings = {
				ASSETCATALOG_COMPILER_APPICON_NAME = AppIcon;
				ASSETCATALOG_COMPILER_LAUNCHIMAGE_NAME = LaunchImage;
				GCC_PRECOMPILE_PREFIX_HEADER = YES;
				GCC_PREFIX_HEADER = "GKPhotoBrowser/GKPhotoBrowser-Prefix.pch";
				INFOPLIST_FILE = "GKPhotoBrowser/GKPhotoBrowser-Info.plist";
				PRODUCT_NAME = "$(TARGET_NAME)";
				WRAPPER_EXTENSION = app;
			};
			name = Debug;
		};
		5B45BCBC19AC158C0077852E /* Release */ = {
			isa = XCBuildConfiguration;
			buildSettings = {
				ASSETCATALOG_COMPILER_APPICON_NAME = AppIcon;
				ASSETCATALOG_COMPILER_LAUNCHIMAGE_NAME = LaunchImage;
				GCC_PRECOMPILE_PREFIX_HEADER = YES;
				GCC_PREFIX_HEADER = "GKPhotoBrowser/GKPhotoBrowser-Prefix.pch";
				INFOPLIST_FILE = "GKPhotoBrowser/GKPhotoBrowser-Info.plist";
				PRODUCT_NAME = "$(TARGET_NAME)";
				WRAPPER_EXTENSION = app;
			};
			name = Release;
		};
		5B45BCBE19AC158C0077852E /* Debug */ = {
			isa = XCBuildConfiguration;
			buildSettings = {
				BUNDLE_LOADER = "$(BUILT_PRODUCTS_DIR)/GKPhotoBrowser.app/GKPhotoBrowser";
				FRAMEWORK_SEARCH_PATHS = (
					"$(SDKROOT)/Developer/Library/Frameworks",
					"$(inherited)",
					"$(DEVELOPER_FRAMEWORKS_DIR)",
				);
				GCC_PRECOMPILE_PREFIX_HEADER = YES;
				GCC_PREFIX_HEADER = "GKPhotoBrowser/GKPhotoBrowser-Prefix.pch";
				GCC_PREPROCESSOR_DEFINITIONS = (
					"DEBUG=1",
					"$(inherited)",
				);
				INFOPLIST_FILE = "GKPhotoBrowserTests/GKPhotoBrowserTests-Info.plist";
				PRODUCT_NAME = "$(TARGET_NAME)";
				TEST_HOST = "$(BUNDLE_LOADER)";
				WRAPPER_EXTENSION = xctest;
			};
			name = Debug;
		};
		5B45BCBF19AC158C0077852E /* Release */ = {
			isa = XCBuildConfiguration;
			buildSettings = {
				BUNDLE_LOADER = "$(BUILT_PRODUCTS_DIR)/GKPhotoBrowser.app/GKPhotoBrowser";
				FRAMEWORK_SEARCH_PATHS = (
					"$(SDKROOT)/Developer/Library/Frameworks",
					"$(inherited)",
					"$(DEVELOPER_FRAMEWORKS_DIR)",
				);
				GCC_PRECOMPILE_PREFIX_HEADER = YES;
				GCC_PREFIX_HEADER = "GKPhotoBrowser/GKPhotoBrowser-Prefix.pch";
				INFOPLIST_FILE = "GKPhotoBrowserTests/GKPhotoBrowserTests-Info.plist";
				PRODUCT_NAME = "$(TARGET_NAME)";
				TEST_HOST = "$(BUNDLE_LOADER)";
				WRAPPER_EXTENSION = xctest;
			};
			name = Release;
		};
/* End XCBuildConfiguration section */

/* Begin XCConfigurationList section */
		5B45BC8019AC158C0077852E /* Build configuration list for PBXProject "GKPhotoBrowser" */ = {
			isa = XCConfigurationList;
			buildConfigurations = (
				5B45BCB819AC158C0077852E /* Debug */,
				5B45BCB919AC158C0077852E /* Release */,
			);
			defaultConfigurationIsVisible = 0;
			defaultConfigurationName = Release;
		};
		5B45BCBA19AC158C0077852E /* Build configuration list for PBXNativeTarget "GKPhotoBrowser" */ = {
			isa = XCConfigurationList;
			buildConfigurations = (
				5B45BCBB19AC158C0077852E /* Debug */,
				5B45BCBC19AC158C0077852E /* Release */,
			);
			defaultConfigurationIsVisible = 0;
		};
		5B45BCBD19AC158C0077852E /* Build configuration list for PBXNativeTarget "GKPhotoBrowserTests" */ = {
			isa = XCConfigurationList;
			buildConfigurations = (
				5B45BCBE19AC158C0077852E /* Debug */,
				5B45BCBF19AC158C0077852E /* Release */,
			);
			defaultConfigurationIsVisible = 0;
		};
/* End XCConfigurationList section */
	};
	rootObject = 5B45BC7D19AC158C0077852E /* Project object */;
}
